# This file is automatically @generated by Cargo.
# It is not intended for manual editing.
version = 4

[[package]]
name = "automata-contract-tests"
version = "0.0.0"

[[package]]
name = "automata-deadline-policy"
version = "0.0.0"

[[package]]
name = "automata-demo-campaign-type"
version = "0.0.0"

[[package]]
name = "automata-job-lock"
version = "0.0.0"

[[package]]
name = "automata-recurring-policy"
version = "0.0.0"
